lockfileVersion: '9.0'

settings:
  autoInstallPeers: true
  excludeLinksFromLockfile: false

importers:

  .:
    devDependencies:
      lucide-static:
        specifier: 1.40.0
        version: 1.40.0
      typescript:
        specifier: 5.9.3
        version: 5.9.3

packages:

  lucide-static@1.40.0:
    resolution: {integrity: sha512-ln37Ng6A709exLQH4pBxrbl6FAUk/ZBLTJnLrj02HN/Bb84eUGzlA2JjMglScI0TEab6vH2UVs0hm4vGgLzTrQ==}

  typescript@5.9.3:
    resolution: {integrity: sha512-jl1vZzPDinLr9eUt3J/t7V6FgNEw9QjvBPdysz9KfQDD41fQrC2Y4vKQdiaUpFT4bXlb1RHhLpp8wtm6M5TgSw==}
    engines: {node: '>=14.17'}
    hasBin: true

snapshots:

  lucide-static@1.40.0: {}

  typescript@5.9.3: {}
